
Microsoft Visual Studio Solution File, Format Version 12.00
# Visual Studio 15
VisualStudioVersion = 15.0.27428.2043
MinimumVisualStudioVersion = 10.0.40219.1
Project("{FAE04EC0-301F-11D3-BF4B-00C04F79EFBC}") = "Red.WorkPoint.ProjectPlugin", "Red.WorkPoint.ProjectPlugin\Red.WorkPoint.ProjectPlugin.csproj", "{F8580A53-FFBF-4A78-80CA-851E1BCFDC10}"
EndProject
Project("{FAE04EC0-301F-11D3-BF4B-00C04F79EFBC}") = "Red.WorkPoint.ApiClient", "Red.WorkPoint.ApiClient\Red.WorkPoint.ApiClient.csproj", "{8114505D-151D-421C-B4AF-6C540EE66D04}"
EndProject
Global
	GlobalSection(SolutionConfigurationPlatforms) = preSolution
		Debug|Any CPU = Debug|Any CPU
		Release|Any CPU = Release|Any CPU
	EndGlobalSection
	GlobalSection(ProjectConfigurationPlatforms) = postSolution
		{F8580A53-FFBF-4A78-80CA-851E1BCFDC10}.Debug|Any CPU.ActiveCfg = Debug|Any CPU
		{F8580A53-FFBF-4A78-80CA-851E1BCFDC10}.Debug|Any CPU.Build.0 = Debug|Any CPU
		{F8580A53-FFBF-4A78-80CA-851E1BCFDC10}.Release|Any CPU.ActiveCfg = Release|Any CPU
		{F8580A53-FFBF-4A78-80CA-851E1BCFDC10}.Release|Any CPU.Build.0 = Release|Any CPU
		{8114505D-151D-421C-B4AF-6C540EE66D04}.Debug|Any CPU.ActiveCfg = Debug|Any CPU
		{8114505D-151D-421C-B4AF-6C540EE66D04}.Debug|Any CPU.Build.0 = Debug|Any CPU
		{8114505D-151D-421C-B4AF-6C540EE66D04}.Release|Any CPU.ActiveCfg = Release|Any CPU
		{8114505D-151D-421C-B4AF-6C540EE66D04}.Release|Any CPU.Build.0 = Release|Any CPU
	EndGlobalSection
	GlobalSection(SolutionProperties) = preSolution
		HideSolutionNode = FALSE
	EndGlobalSection
	GlobalSection(ExtensibilityGlobals) = postSolution
		SolutionGuid = {2CF6A70A-A4B9-4F6A-BBC1-5A5D29C63C21}
		RESX_NeutralResourcesLanguage = en-001
		RESX_SaveFilesImmediatelyUponChange = False
	EndGlobalSection
EndGlobal
